
Microsoft Visual Studio Solution File, Format Version 12.00
# Visual Studio Version 16
VisualStudioVersion = 16.0.31515.178
MinimumVisualStudioVersion = 10.0.40219.1
Project("{888888A0-9F3D-457C-B088-3A5042F75D52}") = "Course project phase3", "Course project phase3.pyproj", "{B5EF4E13-8B3E-463C-B448-B4764B2A1864}"
EndProject
Global
	GlobalSection(SolutionConfigurationPlatforms) = preSolution
		Debug|Any CPU = Debug|Any CPU
		Release|Any CPU = Release|Any CPU
	EndGlobalSection
	GlobalSection(ProjectConfigurationPlatforms) = postSolution
		{B5EF4E13-8B3E-463C-B448-B4764B2A1864}.Debug|Any CPU.ActiveCfg = Debug|Any CPU
		{B5EF4E13-8B3E-463C-B448-B4764B2A1864}.Release|Any CPU.ActiveCfg = Release|Any CPU
	EndGlobalSection
	GlobalSection(SolutionProperties) = preSolution
		HideSolutionNode = FALSE
	EndGlobalSection
	GlobalSection(ExtensibilityGlobals) = postSolution
		SolutionGuid = {805D5EB5-B31B-4B77-A295-70BE1E06E2FD}
	EndGlobalSection
EndGlobal
